
Microsoft Visual Studio Solution File, Format Version 12.00
# Visual Studio Version 17
VisualStudioVersion = 17.4.33213.308
MinimumVisualStudioVersion = 10.0.40219.1
Project("{9A19103F-16F7-4668-BE54-9A1E7A4F7556}") = "master-api-dotnet 6", "master-api-dotnet 6\master-api-dotnet 6.csproj", "{C965C505-C803-47B6-B14F-60D7A0D7EED9}"
EndProject
Global
	GlobalSection(SolutionConfigurationPlatforms) = preSolution
		Debug|Any CPU = Debug|Any CPU
		Release|Any CPU = Release|Any CPU
	EndGlobalSection
	GlobalSection(ProjectConfigurationPlatforms) = postSolution
		{C965C505-C803-47B6-B14F-60D7A0D7EED9}.Debug|Any CPU.ActiveCfg = Debug|Any CPU
		{C965C505-C803-47B6-B14F-60D7A0D7EED9}.Debug|Any CPU.Build.0 = Debug|Any CPU
		{C965C505-C803-47B6-B14F-60D7A0D7EED9}.Release|Any CPU.ActiveCfg = Release|Any CPU
		{C965C505-C803-47B6-B14F-60D7A0D7EED9}.Release|Any CPU.Build.0 = Release|Any CPU
	EndGlobalSection
	GlobalSection(SolutionProperties) = preSolution
		HideSolutionNode = FALSE
	EndGlobalSection
	GlobalSection(ExtensibilityGlobals) = postSolution
		SolutionGuid = {0DE83AA8-CEA9-4E4C-A2C9-9126DF84F36A}
	EndGlobalSection
EndGlobal
